{
  "name": "ollamani",
  "version": "1.0.0",
  "lockfileVersion": 3,
  "requires": true,
  "packages": {
    "": {
      "name": "ollamani",
      "version": "1.0.0",
      "license": "ISC",
      "dependencies": {
        "devextreme-dist": "25.2.3"
      }
    },
    "node_modules/devextreme-dist": {
      "version": "25.2.3",
      "resolved": "https://registry.npmjs.org/devextreme-dist/-/devextreme-dist-25.2.3.tgz",
      "integrity": "sha512-H40JgZYW+zzIshUbo54ztpqWyRcrw2FCQpeb9KRf27XWNuXUnv0W14ujA09bMv8BrPHUPPzX9z6n/OwSTB+m4A=="
    }
  }
}
